# THIS IS AN AUTOGENERATED FILE. DO NOT EDIT THIS FILE DIRECTLY.
# yarn lockfile v1


"@aws-crypto/ie11-detection@^2.0.0":
  version "2.0.2"
  resolved "https://registry.yarnpkg.com/@aws-crypto/ie11-detection/-/ie11-detection-2.0.2.tgz#9c39f4a5558196636031a933ec1b4792de959d6a"
  integrity sha512-5XDMQY98gMAf/WRTic5G++jfmS/VLM0rwpiOpaainKi4L0nqWMSB1SzsrEG5rjFZGYN6ZAefO+/Yta2dFM0kMw==
  dependencies:
    tslib "^1.11.1"

"@aws-crypto/sha256-browser@2.0.0":
  version "2.0.0"
  resolved "https://registry.yarnpkg.com/@aws-crypto/sha256-browser/-/sha256-browser-2.0.0.tgz#741c9024df55ec59b51e5b1f5d806a4852699fb5"
  integrity sha512-rYXOQ8BFOaqMEHJrLHul/25ckWH6GTJtdLSajhlqGMx0PmSueAuvboCuZCTqEKlxR8CQOwRarxYMZZSYlhRA1A==
  dependencies:
    "@aws-crypto/ie11-detection" "^2.0.0"
    "@aws-crypto/sha256-js" "^2.0.0"
    "@aws-crypto/supports-web-crypto" "^2.0.0"
    "@aws-crypto/util" "^2.0.0"
    "@aws-sdk/types" "^3.1.0"
    "@aws-sdk/util-locate-window" "^3.0.0"
    "@aws-sdk/util-utf8-browser" "^3.0.0"
    tslib "^1.11.1"

"@aws-crypto/sha256-js@2.0.0":
  version "2.0.0"
  resolved "https://registry.yarnpkg.com/@aws-crypto/sha256-js/-/sha256-js-2.0.0.tgz#f1f936039bdebd0b9e2dd834d65afdc2aac4efcb"
  integrity sha512-VZY+mCY4Nmrs5WGfitmNqXzaE873fcIZDu54cbaDaaamsaTOP1DBImV9F4pICc3EHjQXujyE8jig+PFCaew9ig==
  dependencies:
    "@aws-crypto/util" "^2.0.0"
    "@aws-sdk/types" "^3.1.0"
    tslib "^1.11.1"

"@aws-crypto/sha256-js@^2.0.0":
  version "2.0.2"
  resolved "https://registry.yarnpkg.com/@aws-crypto/sha256-js/-/sha256-js-2.0.2.tgz#c81e5d378b8a74ff1671b58632779986e50f4c99"
  integrity sha512-iXLdKH19qPmIC73fVCrHWCSYjN/sxaAvZ3jNNyw6FclmHyjLKg0f69WlC9KTnyElxCR5MO9SKaG00VwlJwyAkQ==
  dependencies:
    "@aws-crypto/util" "^2.0.2"
    "@aws-sdk/types" "^3.110.0"
    tslib "^1.11.1"

"@aws-crypto/supports-web-crypto@^2.0.0":
  version "2.0.2"
  resolved "https://registry.yarnpkg.com/@aws-crypto/supports-web-crypto/-/supports-web-crypto-2.0.2.tgz#9f02aafad8789cac9c0ab5faaebb1ab8aa841338"
  integrity sha512-6mbSsLHwZ99CTOOswvCRP3C+VCWnzBf+1SnbWxzzJ9lR0mA0JnY2JEAhp8rqmTE0GPFy88rrM27ffgp62oErMQ==
  dependencies:
    tslib "^1.11.1"

"@aws-crypto/util@^2.0.0", "@aws-crypto/util@^2.0.2":
  version "2.0.2"
  resolved "https://registry.yarnpkg.com/@aws-crypto/util/-/util-2.0.2.tgz#adf5ff5dfbc7713082f897f1d01e551ce0edb9c0"
  integrity sha512-Lgu5v/0e/BcrZ5m/IWqzPUf3UYFTy/PpeED+uc9SWUR1iZQL8XXbGQg10UfllwwBryO3hFF5dizK+78aoXC1eA==
  dependencies:
    "@aws-sdk/types" "^3.110.0"
    "@aws-sdk/util-utf8-browser" "^3.0.0"
    tslib "^1.11.1"

"@aws-sdk/abort-controller@3.226.0":
  version "3.226.0"
  resolved "https://registry.yarnpkg.com/@aws-sdk/abort-controller/-/abort-controller-3.226.0.tgz#3adffb8ee5af57ddb154e8544a8eeec76ad32271"
  integrity sha512-cJVzr1xxPBd08voknXvR0RLgtZKGKt6WyDpH/BaPCu3rfSqWCDZKzwqe940eqosjmKrxC6pUZNKASIqHOQ8xxQ==
  dependencies:
    "@aws-sdk/types" "3.226.0"
    tslib "^2.3.1"

"@aws-sdk/client-chime-sdk-voice@^3.226.0":
  version "3.226.0"
  resolved "https://registry.yarnpkg.com/@aws-sdk/client-chime-sdk-voice/-/client-chime-sdk-voice-3.226.0.tgz#b997fd51ea5e34c4bb011dfd750e8e92311e24b3"
  integrity sha512-3xNiiRisRcTDOuaJo2psqlRPSzFV5C9xlRrH3Uqpzg6K5FQY++XA+5CxnLPiI1HOKq0S7MPINIBj/7FYh6Ueog==
  dependencies:
    "@aws-crypto/sha256-browser" "2.0.0"
    "@aws-crypto/sha256-js" "2.0.0"
    "@aws-sdk/client-sts" "3.226.0"
    "@aws-sdk/config-resolver" "3.226.0"
    "@aws-sdk/credential-provider-node" "3.226.0"
    "@aws-sdk/fetch-http-handler" "3.226.0"
    "@aws-sdk/hash-node" "3.226.0"
    "@aws-sdk/invalid-dependency" "3.226.0"
    "@aws-sdk/middleware-content-length" "3.226.0"
    "@aws-sdk/middleware-endpoint" "3.226.0"
    "@aws-sdk/middleware-host-header" "3.226.0"
    "@aws-sdk/middleware-logger" "3.226.0"
    "@aws-sdk/middleware-recursion-detection" "3.226.0"
    "@aws-sdk/middleware-retry" "3.226.0"
    "@aws-sdk/middleware-serde" "3.226.0"
    "@aws-sdk/middleware-signing" "3.226.0"
    "@aws-sdk/middleware-stack" "3.226.0"
    "@aws-sdk/middleware-user-agent" "3.226.0"
    "@aws-sdk/node-config-provider" "3.226.0"
    "@aws-sdk/node-http-handler" "3.226.0"
    "@aws-sdk/protocol-http" "3.226.0"
    "@aws-sdk/smithy-client" "3.226.0"
    "@aws-sdk/types" "3.226.0"
    "@aws-sdk/url-parser" "3.226.0"
    "@aws-sdk/util-base64" "3.208.0"
    "@aws-sdk/util-body-length-browser" "3.188.0"
    "@aws-sdk/util-body-length-node" "3.208.0"
    "@aws-sdk/util-defaults-mode-browser" "3.226.0"
    "@aws-sdk/util-defaults-mode-node" "3.226.0"
    "@aws-sdk/util-endpoints" "3.226.0"
    "@aws-sdk/util-user-agent-browser" "3.226.0"
    "@aws-sdk/util-user-agent-node" "3.226.0"
    "@aws-sdk/util-utf8-browser" "3.188.0"
    "@aws-sdk/util-utf8-node" "3.208.0"
    tslib "^2.3.1"

"@aws-sdk/client-ssm@^3.226.0":
  version "3.226.0"
  resolved "https://registry.yarnpkg.com/@aws-sdk/client-ssm/-/client-ssm-3.226.0.tgz#991bd0b1e80f5d2002aa7bc67d5db3d9038da6c1"
  integrity sha512-A7bxeRvXYW/mGFA10doIQIN1Zw7pzbRNG0jmKVu7a1fzxv5dFN7Mw9BtAoIsUfXxFEfRcSKSKpi9PwgDY56g3g==
  dependencies:
    "@aws-crypto/sha256-browser" "2.0.0"
    "@aws-crypto/sha256-js" "2.0.0"
    "@aws-sdk/client-sts" "3.226.0"
    "@aws-sdk/config-resolver" "3.226.0"
    "@aws-sdk/credential-provider-node" "3.226.0"
    "@aws-sdk/fetch-http-handler" "3.226.0"
    "@aws-sdk/hash-node" "3.226.0"
    "@aws-sdk/invalid-dependency" "3.226.0"
    "@aws-sdk/middleware-content-length" "3.226.0"
    "@aws-sdk/middleware-endpoint" "3.226.0"
    "@aws-sdk/middleware-host-header" "3.226.0"
    "@aws-sdk/middleware-logger" "3.226.0"
    "@aws-sdk/middleware-recursion-detection" "3.226.0"
    "@aws-sdk/middleware-retry" "3.226.0"
    "@aws-sdk/middleware-serde" "3.226.0"
    "@aws-sdk/middleware-signing" "3.226.0"
    "@aws-sdk/middleware-stack" "3.226.0"
    "@aws-sdk/middleware-user-agent" "3.226.0"
    "@aws-sdk/node-config-provider" "3.226.0"
    "@aws-sdk/node-http-handler" "3.226.0"
    "@aws-sdk/protocol-http" "3.226.0"
    "@aws-sdk/smithy-client" "3.226.0"
    "@aws-sdk/types" "3.226.0"
    "@aws-sdk/url-parser" "3.226.0"
    "@aws-sdk/util-base64" "3.208.0"
    "@aws-sdk/util-body-length-browser" "3.188.0"
    "@aws-sdk/util-body-length-node" "3.208.0"
    "@aws-sdk/util-defaults-mode-browser" "3.226.0"
    "@aws-sdk/util-defaults-mode-node" "3.226.0"
    "@aws-sdk/util-endpoints" "3.226.0"
    "@aws-sdk/util-user-agent-browser" "3.226.0"
    "@aws-sdk/util-user-agent-node" "3.226.0"
    "@aws-sdk/util-utf8-browser" "3.188.0"
    "@aws-sdk/util-utf8-node" "3.208.0"
    "@aws-sdk/util-waiter" "3.226.0"
    tslib "^2.3.1"
    uuid "^8.3.2"

"@aws-sdk/client-sso-oidc@3.226.0":
  version "3.226.0"
  resolved "https://registry.yarnpkg.com/@aws-sdk/client-sso-oidc/-/client-sso-oidc-3.226.0.tgz#6e9566a41f34d918fd1658ba968a0d33401585bf"
  integrity sha512-IKzAhL6RoPs7IZ/rJvekjedQ4oesazCO+Aqh9l2Xct+XY0MFBdh4amgg4t/8fjksfIzmJH48BZoNv5gVak6yRw==
  dependencies:
    "@aws-crypto/sha256-browser" "2.0.0"
    "@aws-crypto/sha256-js" "2.0.0"
    "@aws-sdk/config-resolver" "3.226.0"
    "@aws-sdk/fetch-http-handler" "3.226.0"
    "@aws-sdk/hash-node" "3.226.0"
    "@aws-sdk/invalid-dependency" "3.226.0"
    "@aws-sdk/middleware-content-length" "3.226.0"
    "@aws-sdk/middleware-endpoint" "3.226.0"
    "@aws-sdk/middleware-host-header" "3.226.0"
    "@aws-sdk/middleware-logger" "3.226.0"
    "@aws-sdk/middleware-recursion-detection" "3.226.0"
    "@aws-sdk/middleware-retry" "3.226.0"
    "@aws-sdk/middleware-serde" "3.226.0"
    "@aws-sdk/middleware-stack" "3.226.0"
    "@aws-sdk/middleware-user-agent" "3.226.0"
    "@aws-sdk/node-config-provider" "3.226.0"
    "@aws-sdk/node-http-handler" "3.226.0"
    "@aws-sdk/protocol-http" "3.226.0"
    "@aws-sdk/smithy-client" "3.226.0"
    "@aws-sdk/types" "3.226.0"
    "@aws-sdk/url-parser" "3.226.0"
    "@aws-sdk/util-base64" "3.208.0"
    "@aws-sdk/util-body-length-browser" "3.188.0"
    "@aws-sdk/util-body-length-node" "3.208.0"
    "@aws-sdk/util-defaults-mode-browser" "3.226.0"
    "@aws-sdk/util-defaults-mode-node" "3.226.0"
    "@aws-sdk/util-endpoints" "3.226.0"
    "@aws-sdk/util-user-agent-browser" "3.226.0"
    "@aws-sdk/util-user-agent-node" "3.226.0"
    "@aws-sdk/util-utf8-browser" "3.188.0"
    "@aws-sdk/util-utf8-node" "3.208.0"
    tslib "^2.3.1"

"@aws-sdk/client-sso@3.226.0":
  version "3.226.0"
  resolved "https://registry.yarnpkg.com/@aws-sdk/client-sso/-/client-sso-3.226.0.tgz#a7d5239e74ac9e050f91f261e6a8783893b4c95a"
  integrity sha512-+Hl1YSLKrxPnQLijhWryI6uV8eKZIsUhvWlzFKx75kjxzjsC/jyk5zV59jnCu0SCCepXB8DKyLVa2WpH7iAHew==
  dependencies:
    "@aws-crypto/sha256-browser" "2.0.0"
    "@aws-crypto/sha256-js" "2.0.0"
    "@aws-sdk/config-resolver" "3.226.0"
    "@aws-sdk/fetch-http-handler" "3.226.0"
    "@aws-sdk/hash-node" "3.226.0"
    "@aws-sdk/invalid-dependency" "3.226.0"
    "@aws-sdk/middleware-content-length" "3.226.0"
    "@aws-sdk/middleware-endpoint" "3.226.0"
    "@aws-sdk/middleware-host-header" "3.226.0"
    "@aws-sdk/middleware-logger" "3.226.0"
    "@aws-sdk/middleware-recursion-detection" "3.226.0"
    "@aws-sdk/middleware-retry" "3.226.0"
    "@aws-sdk/middleware-serde" "3.226.0"
    "@aws-sdk/middleware-stack" "3.226.0"
    "@aws-sdk/middleware-user-agent" "3.226.0"
    "@aws-sdk/node-config-provider" "3.226.0"
    "@aws-sdk/node-http-handler" "3.226.0"
    "@aws-sdk/protocol-http" "3.226.0"
    "@aws-sdk/smithy-client" "3.226.0"
    "@aws-sdk/types" "3.226.0"
    "@aws-sdk/url-parser" "3.226.0"
    "@aws-sdk/util-base64" "3.208.0"
    "@aws-sdk/util-body-length-browser" "3.188.0"
    "@aws-sdk/util-body-length-node" "3.208.0"
    "@aws-sdk/util-defaults-mode-browser" "3.226.0"
    "@aws-sdk/util-defaults-mode-node" "3.226.0"
    "@aws-sdk/util-endpoints" "3.226.0"
    "@aws-sdk/util-user-agent-browser" "3.226.0"
    "@aws-sdk/util-user-agent-node" "3.226.0"
    "@aws-sdk/util-utf8-browser" "3.188.0"
    "@aws-sdk/util-utf8-node" "3.208.0"
    tslib "^2.3.1"

"@aws-sdk/client-sts@3.226.0":
  version "3.226.0"
  resolved "https://registry.yarnpkg.com/@aws-sdk/client-sts/-/client-sts-3.226.0.tgz#40b8e62152bbce2c44c607b80ccc1db280497e1f"
  integrity sha512-ZBlqRVbnHvvbkN5g56+mXltNybHNzgV69+2ARubQ8ge9U2qF/LweCmGqZnZLWqdGXwaB9IOvz5ZW2npyJh1X/A==
  dependencies:
    "@aws-crypto/sha256-browser" "2.0.0"
    "@aws-crypto/sha256-js" "2.0.0"
    "@aws-sdk/config-resolver" "3.226.0"
    "@aws-sdk/credential-provider-node" "3.226.0"
    "@aws-sdk/fetch-http-handler" "3.226.0"
    "@aws-sdk/hash-node" "3.226.0"
    "@aws-sdk/invalid-dependency" "3.226.0"
    "@aws-sdk/middleware-content-length" "3.226.0"
    "@aws-sdk/middleware-endpoint" "3.226.0"
    "@aws-sdk/middleware-host-header" "3.226.0"
    "@aws-sdk/middleware-logger" "3.226.0"
    "@aws-sdk/middleware-recursion-detection" "3.226.0"
    "@aws-sdk/middleware-retry" "3.226.0"
    "@aws-sdk/middleware-sdk-sts" "3.226.0"
    "@aws-sdk/middleware-serde" "3.226.0"
    "@aws-sdk/middleware-signing" "3.226.0"
    "@aws-sdk/middleware-stack" "3.226.0"
    "@aws-sdk/middleware-user-agent" "3.226.0"
    "@aws-sdk/node-config-provider" "3.226.0"
    "@aws-sdk/node-http-handler" "3.226.0"
    "@aws-sdk/protocol-http" "3.226.0"
    "@aws-sdk/smithy-client" "3.226.0"
    "@aws-sdk/types" "3.226.0"
    "@aws-sdk/url-parser" "3.226.0"
    "@aws-sdk/util-base64" "3.208.0"
    "@aws-sdk/util-body-length-browser" "3.188.0"
    "@aws-sdk/util-body-length-node" "3.208.0"
    "@aws-sdk/util-defaults-mode-browser" "3.226.0"
    "@aws-sdk/util-defaults-mode-node" "3.226.0"
    "@aws-sdk/util-endpoints" "3.226.0"
    "@aws-sdk/util-user-agent-browser" "3.226.0"
    "@aws-sdk/util-user-agent-node" "3.226.0"
    "@aws-sdk/util-utf8-browser" "3.188.0"
    "@aws-sdk/util-utf8-node" "3.208.0"
    fast-xml-parser "4.0.11"
    tslib "^2.3.1"

"@aws-sdk/config-resolver@3.226.0":
  version "3.226.0"
  resolved "https://registry.yarnpkg.com/@aws-sdk/config-resolver/-/config-resolver-3.226.0.tgz#b4f19150cf08c9ed36ced3bdffdc64d89e6f3e5b"
  integrity sha512-0UWXtfnTT0OtnRP8jJodc8V7xAnWSqsh4RCRyV5uu3Z2Tv+xyW91GKxO+gOXoUP0hHu0lvBM9lYiMJcJWZYLYw==
  dependencies:
    "@aws-sdk/signature-v4" "3.226.0"
    "@aws-sdk/types" "3.226.0"
    "@aws-sdk/util-config-provider" "3.208.0"
    "@aws-sdk/util-middleware" "3.226.0"
    tslib "^2.3.1"

"@aws-sdk/credential-provider-env@3.226.0":
  version "3.226.0"
  resolved "https://registry.yarnpkg.com/@aws-sdk/credential-provider-env/-/credential-provider-env-3.226.0.tgz#0bcb89a9abc166b3a48f5c255b9fcabc4cb80daf"
  integrity sha512-sd8uK1ojbXxaZXlthzw/VXZwCPUtU3PjObOfr3Evj7MPIM2IH8h29foOlggx939MdLQGboJf9gKvLlvKDWtJRA==
  dependencies:
    "@aws-sdk/property-provider" "3.226.0"
    "@aws-sdk/types" "3.226.0"
    tslib "^2.3.1"

"@aws-sdk/credential-provider-imds@3.226.0":
  version "3.226.0"
  resolved "https://registry.yarnpkg.com/@aws-sdk/credential-provider-imds/-/credential-provider-imds-3.226.0.tgz#0a4558449eb261412b0490ea1c3242eb91659759"
  integrity sha512-//z/COQm2AjYFI1Lb0wKHTQSrvLFTyuKLFQGPJsKS7DPoxGOCKB7hmYerlbl01IDoCxTdyL//TyyPxbZEOQD5Q==
  dependencies:
    "@aws-sdk/node-config-provider" "3.226.0"
    "@aws-sdk/property-provider" "3.226.0"
    "@aws-sdk/types" "3.226.0"
    "@aws-sdk/url-parser" "3.226.0"
    tslib "^2.3.1"

"@aws-sdk/credential-provider-ini@3.226.0":
  version "3.226.0"
  resolved "https://registry.yarnpkg.com/@aws-sdk/credential-provider-ini/-/credential-provider-ini-3.226.0.tgz#06ad59f5124044ef01413c7ad01119ef15566744"
  integrity sha512-Sj7SGl53qmKkD7wvgU0MSTyj8ho6A3tKVbadTHljVz60jiauTEM97Z1DIai6U3oPFVteaKqx7npc8ozeK6mKNg==
  dependencies:
    "@aws-sdk/credential-provider-env" "3.226.0"
    "@aws-sdk/credential-provider-imds" "3.226.0"
    "@aws-sdk/credential-provider-sso" "3.226.0"
    "@aws-sdk/credential-provider-web-identity" "3.226.0"
    "@aws-sdk/property-provider" "3.226.0"
    "@aws-sdk/shared-ini-file-loader" "3.226.0"
    "@aws-sdk/types" "3.226.0"
    tslib "^2.3.1"

"@aws-sdk/credential-provider-node@3.226.0":
  version "3.226.0"
  resolved "https://registry.yarnpkg.com/@aws-sdk/credential-provider-node/-/credential-provider-node-3.226.0.tgz#d81c4d8fbacf5ef9bbea6e0e2e15fb61039b5eb6"
  integrity sha512-kuOeiVmlhSyMC1Eix0pqHmb4EmpbMHrTw+9ObZbQ2bRXy05Q9fLA6SVBcI01bI1KVh7Qqz9i8ojOY3A2zscjyA==
  dependencies:
    "@aws-sdk/credential-provider-env" "3.226.0"
    "@aws-sdk/credential-provider-imds" "3.226.0"
    "@aws-sdk/credential-provider-ini" "3.226.0"
    "@aws-sdk/credential-provider-process" "3.226.0"
    "@aws-sdk/credential-provider-sso" "3.226.0"
    "@aws-sdk/credential-provider-web-identity" "3.226.0"
    "@aws-sdk/property-provider" "3.226.0"
    "@aws-sdk/shared-ini-file-loader" "3.226.0"
    "@aws-sdk/types" "3.226.0"
    tslib "^2.3.1"

"@aws-sdk/credential-provider-process@3.226.0":
  version "3.226.0"
  resolved "https://registry.yarnpkg.com/@aws-sdk/credential-provider-process/-/credential-provider-process-3.226.0.tgz#bcd73a6d31d1b3181917d56e54aacbee242b077f"
  integrity sha512-iUDMdnrTvbvaCFhWwqyXrhvQ9+ojPqPqXhwZtY1X/Qaz+73S9gXBPJHZaZb2Ke0yKE1Ql3bJbKvmmxC/qLQMng==
  dependencies:
    "@aws-sdk/property-provider" "3.226.0"
    "@aws-sdk/shared-ini-file-loader" "3.226.0"
    "@aws-sdk/types" "3.226.0"
    tslib "^2.3.1"

"@aws-sdk/credential-provider-sso@3.226.0":
  version "3.226.0"
  resolved "https://registry.yarnpkg.com/@aws-sdk/credential-provider-sso/-/credential-provider-sso-3.226.0.tgz#c8c91e0065153897e659afabd93df62e948058c5"
  integrity sha512-QSBeyOIAus4/8u/DeAstE8w/zw+F7PQohdB8JFP/BPaCfc8uKue4UkqqvQWRfm4VSEnHeXt037MDopmCpd98Iw==
  dependencies:
    "@aws-sdk/client-sso" "3.226.0"
    "@aws-sdk/property-provider" "3.226.0"
    "@aws-sdk/shared-ini-file-loader" "3.226.0"
    "@aws-sdk/token-providers" "3.226.0"
    "@aws-sdk/types" "3.226.0"
    tslib "^2.3.1"

"@aws-sdk/credential-provider-web-identity@3.226.0":
  version "3.226.0"
  resolved "https://registry.yarnpkg.com/@aws-sdk/credential-provider-web-identity/-/credential-provider-web-identity-3.226.0.tgz#2b7d20f93a40e2243c7e3857f54b103d19a946fb"
  integrity sha512-CCpv847rLB0SFOHz2igvUMFAzeT2fD3YnY4C8jltuJoEkn0ITn1Hlgt13nTJ5BUuvyti2mvyXZHmNzhMIMrIlw==
  dependencies:
    "@aws-sdk/property-provider" "3.226.0"
    "@aws-sdk/types" "3.226.0"
    tslib "^2.3.1"

"@aws-sdk/fetch-http-handler@3.226.0":
  version "3.226.0"
  resolved "https://registry.yarnpkg.com/@aws-sdk/fetch-http-handler/-/fetch-http-handler-3.226.0.tgz#350f78fc18fe9cb0a889ef4870838a8fcfa8855c"
  integrity sha512-JewZPMNEBXfi1xVnRa7pVtK/zgZD8/lQ/YnD8pq79WuMa2cwyhDtr8oqCoqsPW+WJT5ScXoMtuHxN78l8eKWgg==
  dependencies:
    "@aws-sdk/protocol-http" "3.226.0"
    "@aws-sdk/querystring-builder" "3.226.0"
    "@aws-sdk/types" "3.226.0"
    "@aws-sdk/util-base64" "3.208.0"
    tslib "^2.3.1"

"@aws-sdk/hash-node@3.226.0":
  version "3.226.0"
  resolved "https://registry.yarnpkg.com/@aws-sdk/hash-node/-/hash-node-3.226.0.tgz#252d98bcbb1e13c8f26d9d416db03cf8cceac185"
  integrity sha512-MdlJhJ9/Espwd0+gUXdZRsHuostB2WxEVAszWxobP0FTT9PnicqnfK7ExmW+DUAc0ywxtEbR3e0UND65rlSTVw==
  dependencies:
    "@aws-sdk/types" "3.226.0"
    "@aws-sdk/util-buffer-from" "3.208.0"
    tslib "^2.3.1"

"@aws-sdk/invalid-dependency@3.226.0":
  version "3.226.0"
  resolved "https://registry.yarnpkg.com/@aws-sdk/invalid-dependency/-/invalid-dependency-3.226.0.tgz#74586f60859ed1813985e3d642066cc46d2e9d40"
  integrity sha512-QXOYFmap8g9QzRjumcRCIo2GEZkdCwd7ePQW0OABWPhKHzlJ74vvBxywjU3s39EEBEluWXtZ7Iufg6GxZM4ifw==
  dependencies:
    "@aws-sdk/types" "3.226.0"
    tslib "^2.3.1"

"@aws-sdk/is-array-buffer@3.201.0":
  version "3.201.0"
  resolved "https://registry.yarnpkg.com/@aws-sdk/is-array-buffer/-/is-array-buffer-3.201.0.tgz#06e557adc284fac2f26071c2944ae01f61b95854"
  integrity sha512-UPez5qLh3dNgt0DYnPD/q0mVJY84rA17QE26hVNOW3fAji8W2wrwrxdacWOxyXvlxWsVRcKmr+lay1MDqpAMfg==
  dependencies:
    tslib "^2.3.1"

"@aws-sdk/middleware-content-length@3.226.0":
  version "3.226.0"
  resolved "https://registry.yarnpkg.com/@aws-sdk/middleware-content-length/-/middleware-content-length-3.226.0.tgz#6cc952049f6e3cdc3a3778c9dce9f2aee942b5fe"
  integrity sha512-ksUzlHJN2JMuyavjA46a4sctvnrnITqt2tbGGWWrAuXY1mel2j+VbgnmJUiwHKUO6bTFBBeft5Vd1TSOb4JmiA==
  dependencies:
    "@aws-sdk/protocol-http" "3.226.0"
    "@aws-sdk/types" "3.226.0"
    tslib "^2.3.1"

"@aws-sdk/middleware-endpoint@3.226.0":
  version "3.226.0"
  resolved "https://registry.yarnpkg.com/@aws-sdk/middleware-endpoint/-/middleware-endpoint-3.226.0.tgz#d776480be4b5a9534c2805b7425be05497f840b7"
  integrity sha512-EvLFafjtUxTT0AC9p3aBQu1/fjhWdIeK58jIXaNFONfZ3F8QbEYUPuF/SqZvJM6cWfOO9qwYKkRDbCSTYhprIg==
  dependencies:
    "@aws-sdk/middleware-serde" "3.226.0"
    "@aws-sdk/protocol-http" "3.226.0"
    "@aws-sdk/signature-v4" "3.226.0"
    "@aws-sdk/types" "3.226.0"
    "@aws-sdk/url-parser" "3.226.0"
    "@aws-sdk/util-config-provider" "3.208.0"
    "@aws-sdk/util-middleware" "3.226.0"
    tslib "^2.3.1"

"@aws-sdk/middleware-host-header@3.226.0":
  version "3.226.0"
  resolved "https://registry.yarnpkg.com/@aws-sdk/middleware-host-header/-/middleware-host-header-3.226.0.tgz#1e1ecb034929e0dbc532ae501fd93781438f9a24"
  integrity sha512-haVkWVh6BUPwKgWwkL6sDvTkcZWvJjv8AgC8jiQuSl8GLZdzHTB8Qhi3IsfFta9HAuoLjxheWBE5Z/L0UrfhLA==
  dependencies:
    "@aws-sdk/protocol-http" "3.226.0"
    "@aws-sdk/types" "3.226.0"
    tslib "^2.3.1"

"@aws-sdk/middleware-logger@3.226.0":
  version "3.226.0"
  resolved "https://registry.yarnpkg.com/@aws-sdk/middleware-logger/-/middleware-logger-3.226.0.tgz#37fd0e62f555befd526b03748c3aab60dcefecf3"
  integrity sha512-m9gtLrrYnpN6yckcQ09rV7ExWOLMuq8mMPF/K3DbL/YL0TuILu9i2T1W+JuxSX+K9FMG2HrLAKivE/kMLr55xA==
  dependencies:
    "@aws-sdk/types" "3.226.0"
    tslib "^2.3.1"

"@aws-sdk/middleware-recursion-detection@3.226.0":
  version "3.226.0"
  resolved "https://registry.yarnpkg.com/@aws-sdk/middleware-recursion-detection/-/middleware-recursion-detection-3.226.0.tgz#e149b9138e94d2fa70e7752ba6b1ccb537009706"
  integrity sha512-mwRbdKEUeuNH5TEkyZ5FWxp6bL2UC1WbY+LDv6YjHxmSMKpAoOueEdtU34PqDOLrpXXxIGHDFmjeGeMfktyEcA==
  dependencies:
    "@aws-sdk/protocol-http" "3.226.0"
    "@aws-sdk/types" "3.226.0"
    tslib "^2.3.1"

"@aws-sdk/middleware-retry@3.226.0":
  version "3.226.0"
  resolved "https://registry.yarnpkg.com/@aws-sdk/middleware-retry/-/middleware-retry-3.226.0.tgz#d469d6c20984edcb58e4ca780ddf267f21558f99"
  integrity sha512-uMn4dSkv9Na2uvt6K3HgTnVrCRAlGv1MBAtUDLXONqUv1L/Z1fp3CkFkLKQHKylfBwBhe6dXfYEo87i8LZFoqg==
  dependencies:
    "@aws-sdk/protocol-http" "3.226.0"
    "@aws-sdk/service-error-classification" "3.226.0"
    "@aws-sdk/types" "3.226.0"
    "@aws-sdk/util-middleware" "3.226.0"
    tslib "^2.3.1"
    uuid "^8.3.2"

"@aws-sdk/middleware-sdk-sts@3.226.0":
  version "3.226.0"
  resolved "https://registry.yarnpkg.com/@aws-sdk/middleware-sdk-sts/-/middleware-sdk-sts-3.226.0.tgz#e8a8cf42bba8963259546120cde1e408628863f9"
  integrity sha512-NN9T/qoSD1kZvAT+VLny3NnlqgylYQcsgV3rvi/8lYzw/G/2s8VS6sm/VTWGGZhx08wZRv20MWzYu3bftcyqUg==
  dependencies:
    "@aws-sdk/middleware-signing" "3.226.0"
    "@aws-sdk/property-provider" "3.226.0"
    "@aws-sdk/protocol-http" "3.226.0"
    "@aws-sdk/signature-v4" "3.226.0"
    "@aws-sdk/types" "3.226.0"
    tslib "^2.3.1"

"@aws-sdk/middleware-serde@3.226.0":
  version "3.226.0"
  resolved "https://registry.yarnpkg.com/@aws-sdk/middleware-serde/-/middleware-serde-3.226.0.tgz#c837ef33b34bec2af19a1c177a0c02a1ae20da5e"
  integrity sha512-nPuOOAkSfx9TxzdKFx0X2bDlinOxGrqD7iof926K/AEflxGD1DBdcaDdjlYlPDW2CVE8LV/rAgbYuLxh/E/1VA==
  dependencies:
    "@aws-sdk/types" "3.226.0"
    tslib "^2.3.1"

"@aws-sdk/middleware-signing@3.226.0":
  version "3.226.0"
  resolved "https://registry.yarnpkg.com/@aws-sdk/middleware-signing/-/middleware-signing-3.226.0.tgz#ebb1d142ac2767466f2e464bb7dba9837143b4d1"
  integrity sha512-E6HmtPcl+IjYDDzi1xI2HpCbBq2avNWcjvCriMZWuTAtRVpnA6XDDGW5GY85IfS3A8G8vuWqEVPr8JcYUcjfew==
  dependencies:
    "@aws-sdk/property-provider" "3.226.0"
    "@aws-sdk/protocol-http" "3.226.0"
    "@aws-sdk/signature-v4" "3.226.0"
    "@aws-sdk/types" "3.226.0"
    "@aws-sdk/util-middleware" "3.226.0"
    tslib "^2.3.1"

"@aws-sdk/middleware-stack@3.226.0":
  version "3.226.0"
  resolved "https://registry.yarnpkg.com/@aws-sdk/middleware-stack/-/middleware-stack-3.226.0.tgz#b0408370270188103987c457c758f9cf7651754f"
  integrity sha512-85wF29LvPvpoed60fZGDYLwv1Zpd/cM0C22WSSFPw1SSJeqO4gtFYyCg2squfT3KI6kF43IIkOCJ+L7GtryPug==
  dependencies:
    tslib "^2.3.1"

"@aws-sdk/middleware-user-agent@3.226.0":
  version "3.226.0"
  resolved "https://registry.yarnpkg.com/@aws-sdk/middleware-user-agent/-/middleware-user-agent-3.226.0.tgz#26653189f3e8da86514f77688a80d0ad445c0799"
  integrity sha512-N1WnfzCW1Y5yWhVAphf8OPGTe8Df3vmV7/LdsoQfmpkCZgLZeK2o0xITkUQhRj1mbw7yp8tVFLFV3R2lMurdAQ==
  dependencies:
    "@aws-sdk/protocol-http" "3.226.0"
    "@aws-sdk/types" "3.226.0"
    tslib "^2.3.1"

"@aws-sdk/node-config-provider@3.226.0":
  version "3.226.0"
  resolved "https://registry.yarnpkg.com/@aws-sdk/node-config-provider/-/node-config-provider-3.226.0.tgz#a9e21512ef824142bb928a0b2f85b39a75b8964d"
  integrity sha512-B8lQDqiRk7X5izFEUMXmi8CZLOKCTWQJU9HQf3ako+sF0gexo4nHN3jhoRWyLtcgC5S3on/2jxpAcqtm7kuY3w==
  dependencies:
    "@aws-sdk/property-provider" "3.226.0"
    "@aws-sdk/shared-ini-file-loader" "3.226.0"
    "@aws-sdk/types" "3.226.0"
    tslib "^2.3.1"

"@aws-sdk/node-http-handler@3.226.0":
  version "3.226.0"
  resolved "https://registry.yarnpkg.com/@aws-sdk/node-http-handler/-/node-http-handler-3.226.0.tgz#373886e949d214a99a3521bd6c141fa17b0e89fe"
  integrity sha512-xQCddnZNMiPmjr3W7HYM+f5ir4VfxgJh37eqZwX6EZmyItFpNNeVzKUgA920ka1VPz/ZUYB+2OFGiX3LCLkkaA==
  dependencies:
    "@aws-sdk/abort-controller" "3.226.0"
    "@aws-sdk/protocol-http" "3.226.0"
    "@aws-sdk/querystring-builder" "3.226.0"
    "@aws-sdk/types" "3.226.0"
    tslib "^2.3.1"

"@aws-sdk/property-provider@3.226.0":
  version "3.226.0"
  resolved "https://registry.yarnpkg.com/@aws-sdk/property-provider/-/property-provider-3.226.0.tgz#ef0ff37c319dc37a52f08fa7544f861308a3bbd8"
  integrity sha512-TsljjG+Sg0LmdgfiAlWohluWKnxB/k8xenjeozZfzOr5bHmNHtdbWv6BtNvD/R83hw7SFXxbJHlD5H4u9p2NFg==
  dependencies:
    "@aws-sdk/types" "3.226.0"
    tslib "^2.3.1"

"@aws-sdk/protocol-http@3.226.0":
  version "3.226.0"
  resolved "https://registry.yarnpkg.com/@aws-sdk/protocol-http/-/protocol-http-3.226.0.tgz#0af7bdc331508e556b722aad0cb78eefa93466e3"
  integrity sha512-zWkVqiTA9RXL6y0hhfZc9bcU4DX2NI6Hw9IhQmSPeM59mdbPjJlY4bLlMr5YxywqO3yQ/ylNoAfrEzrDjlOSRg==
  dependencies:
    "@aws-sdk/types" "3.226.0"
    tslib "^2.3.1"

"@aws-sdk/querystring-builder@3.226.0":
  version "3.226.0"
  resolved "https://registry.yarnpkg.com/@aws-sdk/querystring-builder/-/querystring-builder-3.226.0.tgz#11cd751abeac66f1f9349225454bac3e39808926"
  integrity sha512-LVurypuNeotO4lmirKXRC4NYrZRAyMJXuwO0f2a5ZAUJCjauwYrifKue6yCfU7bls7gut7nfcR6B99WBYpHs3g==
  dependencies:
    "@aws-sdk/types" "3.226.0"
    "@aws-sdk/util-uri-escape" "3.201.0"
    tslib "^2.3.1"

"@aws-sdk/querystring-parser@3.226.0":
  version "3.226.0"
  resolved "https://registry.yarnpkg.com/@aws-sdk/querystring-parser/-/querystring-parser-3.226.0.tgz#ba6a26727c98d46c95180e6cdc463039c5e4740d"
  integrity sha512-FzB+VrQ47KAFxiPt2YXrKZ8AOLZQqGTLCKHzx4bjxGmwgsjV8yIbtJiJhZLMcUQV4LtGeIY9ixIqQhGvnZHE4A==
  dependencies:
    "@aws-sdk/types" "3.226.0"
    tslib "^2.3.1"

"@aws-sdk/service-error-classification@3.226.0":
  version "3.226.0"
  resolved "https://registry.yarnpkg.com/@aws-sdk/service-error-classification/-/service-error-classification-3.226.0.tgz#47cc6a6d5c7be5b0f6d054ca9375cc405c9d63f6"
  integrity sha512-9R01dBpE8JILe2CTft7YN2tMufT2mMWMTqxmHwPSmOpsxHTj8hEII7GTfvpb95ThHwW7XMNhg7pbHLbrTJZCVA==

"@aws-sdk/shared-ini-file-loader@3.226.0":
  version "3.226.0"
  resolved "https://registry.yarnpkg.com/@aws-sdk/shared-ini-file-loader/-/shared-ini-file-loader-3.226.0.tgz#d0ade86834b1803ce4b9dcab459e57e0376fd6cf"
  integrity sha512-661VQefsARxVyyV2FX9V61V+nNgImk7aN2hYlFKla6BCwZfMng+dEtD0xVGyg1PfRw0qvEv5LQyxMVgHcUSevA==
  dependencies:
    "@aws-sdk/types" "3.226.0"
    tslib "^2.3.1"

"@aws-sdk/signature-v4@3.226.0":
  version "3.226.0"
  resolved "https://registry.yarnpkg.com/@aws-sdk/signature-v4/-/signature-v4-3.226.0.tgz#100390b5c5b55a9b0abd05b06fceb36cfa0ecf98"
  integrity sha512-/R5q5agdPd7HJB68XMzpxrNPk158EHUvkFkuRu5Qf3kkkHebEzWEBlWoVpUe6ss4rP9Tqcue6xPuaftEmhjpYw==
  dependencies:
    "@aws-sdk/is-array-buffer" "3.201.0"
    "@aws-sdk/types" "3.226.0"
    "@aws-sdk/util-hex-encoding" "3.201.0"
    "@aws-sdk/util-middleware" "3.226.0"
    "@aws-sdk/util-uri-escape" "3.201.0"
    tslib "^2.3.1"

"@aws-sdk/smithy-client@3.226.0":
  version "3.226.0"
  resolved "https://registry.yarnpkg.com/@aws-sdk/smithy-client/-/smithy-client-3.226.0.tgz#d6869ca3627ca33024616c0ec3f707981e080d59"
  integrity sha512-BWr1FhWSUhkSBp0TLzliD5AQBjA2Jmo9FlOOt+cBwd9BKkSGlGj+HgATYJ83Sjjg2+J6qvEZBxB78LKVHhorBw==
  dependencies:
    "@aws-sdk/middleware-stack" "3.226.0"
    "@aws-sdk/types" "3.226.0"
    tslib "^2.3.1"

"@aws-sdk/token-providers@3.226.0":
  version "3.226.0"
  resolved "https://registry.yarnpkg.com/@aws-sdk/token-providers/-/token-providers-3.226.0.tgz#30bf8201bd5583ed7c61350be0c11d69f84ea332"
  integrity sha512-3ouRt2i3ve8ivg54PxPhtOTcipzf6BoQsMw0EiO23yYKujhyeFH2IkxV4EYC687xFrUjheqJf8FWU/DD8EQ/ow==
  dependencies:
    "@aws-sdk/client-sso-oidc" "3.226.0"
    "@aws-sdk/property-provider" "3.226.0"
    "@aws-sdk/shared-ini-file-loader" "3.226.0"
    "@aws-sdk/types" "3.226.0"
    tslib "^2.3.1"

"@aws-sdk/types@3.226.0", "@aws-sdk/types@^3.1.0", "@aws-sdk/types@^3.110.0":
  version "3.226.0"
  resolved "https://registry.yarnpkg.com/@aws-sdk/types/-/types-3.226.0.tgz#3dba2ba223fbb8ac1ebc84de0e036ce69a81d469"
  integrity sha512-MmmNHrWeO4man7wpOwrAhXlevqtOV9ZLcH4RhnG5LmRce0RFOApx24HoKENfFCcOyCm5LQBlsXCqi0dZWDWU0A==
  dependencies:
    tslib "^2.3.1"

"@aws-sdk/url-parser@3.226.0":
  version "3.226.0"
  resolved "https://registry.yarnpkg.com/@aws-sdk/url-parser/-/url-parser-3.226.0.tgz#f53d1f868b27fe74aca091a799f2af56237b15a2"
  integrity sha512-p5RLE0QWyP0OcTOLmFcLdVgUcUEzmEfmdrnOxyNzomcYb0p3vUagA5zfa1HVK2azsQJFBv28GfvMnba9bGhObg==
  dependencies:
    "@aws-sdk/querystring-parser" "3.226.0"
    "@aws-sdk/types" "3.226.0"
    tslib "^2.3.1"

"@aws-sdk/util-base64@3.208.0":
  version "3.208.0"
  resolved "https://registry.yarnpkg.com/@aws-sdk/util-base64/-/util-base64-3.208.0.tgz#36b430e5396251f761590f7c2f0c5c12193f353c"
  integrity sha512-PQniZph5A6N7uuEOQi+1hnMz/FSOK/8kMFyFO+4DgA1dZ5pcKcn5wiFwHkcTb/BsgVqQa3Jx0VHNnvhlS8JyTg==
  dependencies:
    "@aws-sdk/util-buffer-from" "3.208.0"
    tslib "^2.3.1"

"@aws-sdk/util-body-length-browser@3.188.0":
  version "3.188.0"
  resolved "https://registry.yarnpkg.com/@aws-sdk/util-body-length-browser/-/util-body-length-browser-3.188.0.tgz#e1d949318c10a621b38575a9ef01e39f9857ddb0"
  integrity sha512-8VpnwFWXhnZ/iRSl9mTf+VKOX9wDE8QtN4bj9pBfxwf90H1X7E8T6NkiZD3k+HubYf2J94e7DbeHs7fuCPW5Qg==
  dependencies:
    tslib "^2.3.1"

"@aws-sdk/util-body-length-node@3.208.0":
  version "3.208.0"
  resolved "https://registry.yarnpkg.com/@aws-sdk/util-body-length-node/-/util-body-length-node-3.208.0.tgz#baabd1fa1206ff2bd4ce3785122d86eb3258dd20"
  integrity sha512-3zj50e5g7t/MQf53SsuuSf0hEELzMtD8RX8C76f12OSRo2Bca4FLLYHe0TZbxcfQHom8/hOaeZEyTyMogMglqg==
  dependencies:
    tslib "^2.3.1"

"@aws-sdk/util-buffer-from@3.208.0":
  version "3.208.0"
  resolved "https://registry.yarnpkg.com/@aws-sdk/util-buffer-from/-/util-buffer-from-3.208.0.tgz#285e86f6dc9030148a4147d65239e75cb254a1b0"
  integrity sha512-7L0XUixNEFcLUGPeBF35enCvB9Xl+K6SQsmbrPk1P3mlV9mguWSDQqbOBwY1Ir0OVbD6H/ZOQU7hI/9RtRI0Zw==
  dependencies:
    "@aws-sdk/is-array-buffer" "3.201.0"
    tslib "^2.3.1"

"@aws-sdk/util-config-provider@3.208.0":
  version "3.208.0"
  resolved "https://registry.yarnpkg.com/@aws-sdk/util-config-provider/-/util-config-provider-3.208.0.tgz#c485fd83fbac051337e5f6be60ea3f9fa61c0139"
  integrity sha512-DSRqwrERUsT34ug+anlMBIFooBEGwM8GejC7q00Y/9IPrQy50KnG5PW2NiTjuLKNi7pdEOlwTSEocJE15eDZIg==
  dependencies:
    tslib "^2.3.1"

"@aws-sdk/util-defaults-mode-browser@3.226.0":
  version "3.226.0"
  resolved "https://registry.yarnpkg.com/@aws-sdk/util-defaults-mode-browser/-/util-defaults-mode-browser-3.226.0.tgz#f6f3092463533f33d95d0bdb17fc5c511ad2b072"
  integrity sha512-chLx+6AeMSjuPsCVbI1B4Pg3jftjjcsuTsJucjo0DKBb1VSWqPCitmOILQVvKiA2Km8TSs3VcbUuOCyDExkzAg==
  dependencies:
    "@aws-sdk/property-provider" "3.226.0"
    "@aws-sdk/types" "3.226.0"
    bowser "^2.11.0"
    tslib "^2.3.1"

"@aws-sdk/util-defaults-mode-node@3.226.0":
  version "3.226.0"
  resolved "https://registry.yarnpkg.com/@aws-sdk/util-defaults-mode-node/-/util-defaults-mode-node-3.226.0.tgz#34115b6631d0d3a7d57c1c88875e74fb5f06972f"
  integrity sha512-Zr0AEj6g8gqiOhr31Pa2tdOFdPQciaAUCg3Uj/eH0znNBdVoptCj67oCW/I5v4pY4ZLZtGhr3uuoxDJH2MB3yg==
  dependencies:
    "@aws-sdk/config-resolver" "3.226.0"
    "@aws-sdk/credential-provider-imds" "3.226.0"
    "@aws-sdk/node-config-provider" "3.226.0"
    "@aws-sdk/property-provider" "3.226.0"
    "@aws-sdk/types" "3.226.0"
    tslib "^2.3.1"

"@aws-sdk/util-endpoints@3.226.0":
  version "3.226.0"
  resolved "https://registry.yarnpkg.com/@aws-sdk/util-endpoints/-/util-endpoints-3.226.0.tgz#3728b2e30f6f757ae862a0b7cf3991e75f252c3f"
  integrity sha512-iqOkac/zLmyPBUJd7SLN0PeZMkOmlGgD5PHmmekTClOkce2eUjK9SNX1PzL73aXPoPTyhg9QGLH8uEZEQ8YUzg==
  dependencies:
    "@aws-sdk/types" "3.226.0"
    tslib "^2.3.1"

"@aws-sdk/util-hex-encoding@3.201.0":
  version "3.201.0"
  resolved "https://registry.yarnpkg.com/@aws-sdk/util-hex-encoding/-/util-hex-encoding-3.201.0.tgz#21d7ec319240ee68c33d938e71cb79830bea315d"
  integrity sha512-7t1vR1pVxKx0motd3X9rI3m/xNp78p3sHtP5yo4NP4ARpxyJ0fokBomY8ScaH2D/B+U5o9ARxldJUdMqyBlJcA==
  dependencies:
    tslib "^2.3.1"

"@aws-sdk/util-locate-window@^3.0.0":
  version "3.208.0"
  resolved "https://registry.yarnpkg.com/@aws-sdk/util-locate-window/-/util-locate-window-3.208.0.tgz#0f598fc238a1256e4bcb64d01459f03a922dd4c3"
  integrity sha512-iua1A2+P7JJEDHVgvXrRJSvsnzG7stYSGQnBVphIUlemwl6nN5D+QrgbjECtrbxRz8asYFHSzhdhECqN+tFiBg==
  dependencies:
    tslib "^2.3.1"

"@aws-sdk/util-middleware@3.226.0":
  version "3.226.0"
  resolved "https://registry.yarnpkg.com/@aws-sdk/util-middleware/-/util-middleware-3.226.0.tgz#7069ae96e2e00f6bb82c722e073922fb2b051ca2"
  integrity sha512-B96CQnwX4gRvQdaQkdUtqvDPkrptV5+va6FVeJOocU/DbSYMAScLxtR3peMS8cnlOT6nL1Eoa42OI9AfZz1VwQ==
  dependencies:
    tslib "^2.3.1"

"@aws-sdk/util-uri-escape@3.201.0":
  version "3.201.0"
  resolved "https://registry.yarnpkg.com/@aws-sdk/util-uri-escape/-/util-uri-escape-3.201.0.tgz#5e708d4cde001a4558ee616f889ceacfadd2ab03"
  integrity sha512-TeTWbGx4LU2c5rx0obHeDFeO9HvwYwQtMh1yniBz00pQb6Qt6YVOETVQikRZ+XRQwEyCg/dA375UplIpiy54mA==
  dependencies:
    tslib "^2.3.1"

"@aws-sdk/util-user-agent-browser@3.226.0":
  version "3.226.0"
  resolved "https://registry.yarnpkg.com/@aws-sdk/util-user-agent-browser/-/util-user-agent-browser-3.226.0.tgz#164bb2da8d6353133784e47f0a0ae463bc9ebb73"
  integrity sha512-PhBIu2h6sPJPcv2I7ELfFizdl5pNiL4LfxrasMCYXQkJvVnoXztHA1x+CQbXIdtZOIlpjC+6BjDcE0uhnpvfcA==
  dependencies:
    "@aws-sdk/types" "3.226.0"
    bowser "^2.11.0"
    tslib "^2.3.1"

"@aws-sdk/util-user-agent-node@3.226.0":
  version "3.226.0"
  resolved "https://registry.yarnpkg.com/@aws-sdk/util-user-agent-node/-/util-user-agent-node-3.226.0.tgz#7569460b9efc6bbd5295275c51357e480ff469c2"
  integrity sha512-othPc5Dz/pkYkxH+nZPhc1Al0HndQT8zHD4e9h+EZ+8lkd8n+IsnLfTS/mSJWrfiC6UlNRVw55cItstmJyMe/A==
  dependencies:
    "@aws-sdk/node-config-provider" "3.226.0"
    "@aws-sdk/types" "3.226.0"
    tslib "^2.3.1"

"@aws-sdk/util-utf8-browser@3.188.0", "@aws-sdk/util-utf8-browser@^3.0.0":
  version "3.188.0"
  resolved "https://registry.yarnpkg.com/@aws-sdk/util-utf8-browser/-/util-utf8-browser-3.188.0.tgz#484762bd600401350e148277731d6744a4a92225"
  integrity sha512-jt627x0+jE+Ydr9NwkFstg3cUvgWh56qdaqAMDsqgRlKD21md/6G226z/Qxl7lb1VEW2LlmCx43ai/37Qwcj2Q==
  dependencies:
    tslib "^2.3.1"

"@aws-sdk/util-utf8-node@3.208.0":
  version "3.208.0"
  resolved "https://registry.yarnpkg.com/@aws-sdk/util-utf8-node/-/util-utf8-node-3.208.0.tgz#eba17de0f92f87b98481c2e2d0ceaa05c7994d67"
  integrity sha512-jKY87Acv0yWBdFxx6bveagy5FYjz+dtV8IPT7ay1E2WPWH1czoIdMAkc8tSInK31T6CRnHWkLZ1qYwCbgRfERQ==
  dependencies:
    "@aws-sdk/util-buffer-from" "3.208.0"
    tslib "^2.3.1"

"@aws-sdk/util-waiter@3.226.0":
  version "3.226.0"
  resolved "https://registry.yarnpkg.com/@aws-sdk/util-waiter/-/util-waiter-3.226.0.tgz#6715afd59748cbc610ddfbc5e21124b20a7e85ac"
  integrity sha512-qYQMRxnu5k8qQihJXoIWMkBOj0+XkHHj/drLdbRnwL6ni6NcG8++cs9M3DSjIcxmxgF/7SLpDjn1H3sC7cYo4g==
  dependencies:
    "@aws-sdk/abort-controller" "3.226.0"
    "@aws-sdk/types" "3.226.0"
    tslib "^2.3.1"

bowser@^2.11.0:
  version "2.11.0"
  resolved "https://registry.yarnpkg.com/bowser/-/bowser-2.11.0.tgz#5ca3c35757a7aa5771500c70a73a9f91ef420a8f"
  integrity sha512-AlcaJBi/pqqJBIQ8U9Mcpc9i8Aqxn88Skv5d+xBX006BY5u8N3mGLHa5Lgppa7L/HfwgwLgZ6NYs+Ag6uUmJRA==

fast-xml-parser@4.0.11:
  version "4.0.11"
  resolved "https://registry.yarnpkg.com/fast-xml-parser/-/fast-xml-parser-4.0.11.tgz#42332a9aca544520631c8919e6ea871c0185a985"
  integrity sha512-4aUg3aNRR/WjQAcpceODG1C3x3lFANXRo8+1biqfieHmg9pyMt7qB4lQV/Ta6sJCTbA5vfD8fnA8S54JATiFUA==
  dependencies:
    strnum "^1.0.5"

strnum@^1.0.5:
  version "1.0.5"
  resolved "https://registry.yarnpkg.com/strnum/-/strnum-1.0.5.tgz#5c4e829fe15ad4ff0d20c3db5ac97b73c9b072db"
  integrity sha512-J8bbNyKKXl5qYcR36TIO8W3mVGVHrmmxsd5PAItGkmyzwJvybiw2IVq5nqd0i4LSNSkB/sx9VHllbfFdr9k1JA==

tslib@^1.11.1:
  version "1.14.1"
  resolved "https://registry.yarnpkg.com/tslib/-/tslib-1.14.1.tgz#cf2d38bdc34a134bcaf1091c41f6619e2f672d00"
  integrity sha512-Xni35NKzjgMrwevysHTCArtLDpPvye8zV/0E4EyYn43P7/7qvQwPh9BGkHewbMulVntbigmcT7rdX3BNo9wRJg==

tslib@^2.3.1:
  version "2.4.1"
  resolved "https://registry.yarnpkg.com/tslib/-/tslib-2.4.1.tgz#0d0bfbaac2880b91e22df0768e55be9753a5b17e"
  integrity sha512-tGyy4dAjRIEwI7BzsB0lynWgOpfqjUdq91XXAlIWD2OwKBH7oCl/GZG/HT4BOHrTlPMOASlMQ7veyTqpmRcrNA==

uuid@^8.3.2:
  version "8.3.2"
  resolved "https://registry.yarnpkg.com/uuid/-/uuid-8.3.2.tgz#80d5b5ced271bb9af6c445f21a1a04c606cefbe2"
  integrity sha512-+NYs2QeMWy+GWFOEm9xnn6HCDp0l7QBD7ml8zLUmJ+93Q5NF0NocErnwkTkXVFNiX3/fpC6afS8Dhb/gz7R7eg==
